// !$*UTF8*$!
{
	archiveVersion = 1;
	classes = {
	};
	objectVersion = 52;
	objects = {

/* Begin PBXBuildFile section */
		1160BB3524E1CFBC00B91DB4 /* AppDelegate.swift in Sources */ = {isa = PBXBuildFile; fileRef = 1160BB3424E1CFBC00B91DB4 /* AppDelegate.swift */; };
		1160BB3724E1CFBC00B91DB4 /* SceneDelegate.swift in Sources */ = {isa = PBXBuildFile; fileRef = 1160BB3624E1CFBC00B91DB4 /* SceneDelegate.swift */; };
		1160BB3924E1CFBC00B91DB4 /* ViewController.swift in Sources */ = {isa = PBXBuildFile; fileRef = 1160BB3824E1CFBC00B91DB4 /* ViewController.swift */; };
		1160BB3C24E1CFBC00B91DB4 /* Main.storyboard in Resources */ = {isa = PBXBuildFile; fileRef = 1160BB3A24E1CFBC00B91DB4 /* Main.storyboard */; };
		1160BB3E24E1CFBD00B91DB4 /* Assets.xcassets in Resources */ = {isa = PBXBuildFile; fileRef = 1160BB3D24E1CFBD00B91DB4 /* Assets.xcassets */; };
		1160BB4124E1CFBD00B91DB4 /* LaunchScreen.storyboard in Resources */ = {isa = PBXBuildFile; fileRef = 1160BB3F24E1CFBD00B91DB4 /* LaunchScreen.storyboard */; };
		1160BB6824E1DF2900B91DB4 /* MacPlugin.bundle in Embed PlugIns */ = {isa = PBXBuildFile; fileRef = 1160BB6224E1DEEA00B91DB4 /* MacPlugin.bundle */; platformFilter = maccatalyst; settings = {ATTRIBUTES = (CodeSignOnCopy, RemoveHeadersOnCopy, ); }; };
		1160BB6D24E1DFFB00B91DB4 /* Plugin.swift in Sources */ = {isa = PBXBuildFile; fileRef = 1160BB6C24E1DFFB00B91DB4 /* Plugin.swift */; };
		1160BB6E24E1DFFB00B91DB4 /* Plugin.swift in Sources */ = {isa = PBXBuildFile; fileRef = 1160BB6C24E1DFFB00B91DB4 /* Plugin.swift */; };
		1160BB7024E1E04400B91DB4 /* MacPlugin.swift in Sources */ = {isa = PBXBuildFile; fileRef = 1160BB6F24E1E04400B91DB4 /* MacPlugin.swift */; };
/* End PBXBuildFile section */

/* Begin PBXContainerItemProxy section */
		1160BB6924E1DF2900B91DB4 /* PBXContainerItemProxy */ = {
			isa = PBXContainerItemProxy;
			containerPortal = 1160BB2924E1CFBC00B91DB4 /* Project object */;
			proxyType = 1;
			remoteGlobalIDString = 1160BB6124E1DEEA00B91DB4;
			remoteInfo = MacPlugin;
		};
/* End PBXContainerItemProxy section */

/* Begin PBXCopyFilesBuildPhase section */
		1160BB5724E1D2B100B91DB4 /* Embed PlugIns */ = {
			isa = PBXCopyFilesBuildPhase;
			buildActionMask = 2147483647;
			dstPath = "";
			dstSubfolderSpec = 13;
			files = (
				1160BB6824E1DF2900B91DB4 /* MacPlugin.bundle in Embed PlugIns */,
			);
			name = "Embed PlugIns";
			runOnlyForDeploymentPostprocessing = 0;
		};
/* End PBXCopyFilesBuildPhase section */

/* Begin PBXFileReference section */
		1160BB3124E1CFBC00B91DB4 /* Catalyst+AppKit.app */ = {isa = PBXFileReference; explicitFileType = wrapper.application; includeInIndex = 0; path = "Catalyst+AppKit.app"; sourceTree = BUILT_PRODUCTS_DIR; };
		1160BB3424E1CFBC00B91DB4 /* AppDelegate.swift */ = {isa = PBXFileReference; lastKnownFileType = sourcecode.swift; path = AppDelegate.swift; sourceTree = "<group>"; };
		1160BB3624E1CFBC00B91DB4 /* SceneDelegate.swift */ = {isa = PBXFileReference; lastKnownFileType = sourcecode.swift; path = SceneDelegate.swift; sourceTree = "<group>"; };
		1160BB3824E1CFBC00B91DB4 /* ViewController.swift */ = {isa = PBXFileReference; lastKnownFileType = sourcecode.swift; path = ViewController.swift; sourceTree = "<group>"; };
		1160BB3B24E1CFBC00B91DB4 /* Base */ = {isa = PBXFileReference; lastKnownFileType = file.storyboard; name = Base; path = Base.lproj/Main.storyboard; sourceTree = "<group>"; };
		1160BB3D24E1CFBD00B91DB4 /* Assets.xcassets */ = {isa = PBXFileReference; lastKnownFileType = folder.assetcatalog; path = Assets.xcassets; sourceTree = "<group>"; };
		1160BB4024E1CFBD00B91DB4 /* Base */ = {isa = PBXFileReference; lastKnownFileType = file.storyboard; name = Base; path = Base.lproj/LaunchScreen.storyboard; sourceTree = "<group>"; };
		1160BB4224E1CFBD00B91DB4 /* Info.plist */ = {isa = PBXFileReference; lastKnownFileType = text.plist.xml; path = Info.plist; sourceTree = "<group>"; };
		1160BB4824E1D08C00B91DB4 /* Catalyst+AppKit.entitlements */ = {isa = PBXFileReference; lastKnownFileType = text.plist.entitlements; path = "Catalyst+AppKit.entitlements"; sourceTree = "<group>"; };
		1160BB6224E1DEEA00B91DB4 /* MacPlugin.bundle */ = {isa = PBXFileReference; explicitFileType = wrapper.cfbundle; includeInIndex = 0; path = MacPlugin.bundle; sourceTree = BUILT_PRODUCTS_DIR; };
		1160BB6424E1DEEA00B91DB4 /* Info.plist */ = {isa = PBXFileReference; lastKnownFileType = text.plist.xml; path = Info.plist; sourceTree = "<group>"; };
		1160BB6B24E1DFFB00B91DB4 /* MacPlugin-Bridging-Header.h */ = {isa = PBXFileReference; lastKnownFileType = sourcecode.c.h; path = "MacPlugin-Bridging-Header.h"; sourceTree = "<group>"; };
		1160BB6C24E1DFFB00B91DB4 /* Plugin.swift */ = {isa = PBXFileReference; lastKnownFileType = sourcecode.swift; path = Plugin.swift; sourceTree = "<group>"; };
		1160BB6F24E1E04400B91DB4 /* MacPlugin.swift */ = {isa = PBXFileReference; lastKnownFileType = sourcecode.swift; path = MacPlugin.swift; sourceTree = "<group>"; };
/* End PBXFileReference section */

/* Begin PBXFrameworksBuildPhase section */
		1160BB2E24E1CFBC00B91DB4 /* Frameworks */ = {
			isa = PBXFrameworksBuildPhase;
			buildActionMask = 2147483647;
			files = (
			);
			runOnlyForDeploymentPostprocessing = 0;
		};
		1160BB5F24E1DEEA00B91DB4 /* Frameworks */ = {
			isa = PBXFrameworksBuildPhase;
			buildActionMask = 2147483647;
			files = (
			);
			runOnlyForDeploymentPostprocessing = 0;
		};
/* End PBXFrameworksBuildPhase section */

/* Begin PBXGroup section */
		1160BB2824E1CFBC00B91DB4 = {
			isa = PBXGroup;
			children = (
				1160BB3324E1CFBC00B91DB4 /* Catalyst+AppKit */,
				1160BB6324E1DEEA00B91DB4 /* MacPlugin */,
				1160BB3224E1CFBC00B91DB4 /* Products */,
				1160BB5324E1D2B100B91DB4 /* Frameworks */,
			);
			sourceTree = "<group>";
		};
		1160BB3224E1CFBC00B91DB4 /* Products */ = {
			isa = PBXGroup;
			children = (
				1160BB3124E1CFBC00B91DB4 /* Catalyst+AppKit.app */,
				1160BB6224E1DEEA00B91DB4 /* MacPlugin.bundle */,
			);
			name = Products;
			sourceTree = "<group>";
		};
		1160BB3324E1CFBC00B91DB4 /* Catalyst+AppKit */ = {
			isa = PBXGroup;
			children = (
				1160BB3424E1CFBC00B91DB4 /* AppDelegate.swift */,
				1160BB3624E1CFBC00B91DB4 /* SceneDelegate.swift */,
				1160BB3824E1CFBC00B91DB4 /* ViewController.swift */,
				1160BB3A24E1CFBC00B91DB4 /* Main.storyboard */,
				1160BB3D24E1CFBD00B91DB4 /* Assets.xcassets */,
				1160BB3F24E1CFBD00B91DB4 /* LaunchScreen.storyboard */,
				1160BB4224E1CFBD00B91DB4 /* Info.plist */,
				1160BB4824E1D08C00B91DB4 /* Catalyst+AppKit.entitlements */,
			);
			path = "Catalyst+AppKit";
			sourceTree = "<group>";
		};
		1160BB5324E1D2B100B91DB4 /* Frameworks */ = {
			isa = PBXGroup;
			children = (
			);
			name = Frameworks;
			sourceTree = "<group>";
		};
		1160BB6324E1DEEA00B91DB4 /* MacPlugin */ = {
			isa = PBXGroup;
			children = (
				1160BB6424E1DEEA00B91DB4 /* Info.plist */,
				1160BB6C24E1DFFB00B91DB4 /* Plugin.swift */,
				1160BB6F24E1E04400B91DB4 /* MacPlugin.swift */,
				1160BB6B24E1DFFB00B91DB4 /* MacPlugin-Bridging-Header.h */,
			);
			path = MacPlugin;
			sourceTree = "<group>";
		};
/* End PBXGroup section */

/* Begin PBXNativeTarget section */
		1160BB3024E1CFBC00B91DB4 /* Catalyst+AppKit */ = {
			isa = PBXNativeTarget;
			buildConfigurationList = 1160BB4524E1CFBD00B91DB4 /* Build configuration list for PBXNativeTarget "Catalyst+AppKit" */;
			buildPhases = (
				1160BB2D24E1CFBC00B91DB4 /* Sources */,
				1160BB2E24E1CFBC00B91DB4 /* Frameworks */,
				1160BB2F24E1CFBC00B91DB4 /* Resources */,
				1160BB5724E1D2B100B91DB4 /* Embed PlugIns */,
			);
			buildRules = (
			);
			dependencies = (
				1160BB6A24E1DF2900B91DB4 /* PBXTargetDependency */,
			);
			name = "Catalyst+AppKit";
			productName = "Catalyst+AppKit";
			productReference = 1160BB3124E1CFBC00B91DB4 /* Catalyst+AppKit.app */;
			productType = "com.apple.product-type.application";
		};
		1160BB6124E1DEEA00B91DB4 /* MacPlugin */ = {
			isa = PBXNativeTarget;
			buildConfigurationList = 1160BB6524E1DEEA00B91DB4 /* Build configuration list for PBXNativeTarget "MacPlugin" */;
			buildPhases = (
				1160BB5E24E1DEEA00B91DB4 /* Sources */,
				1160BB5F24E1DEEA00B91DB4 /* Frameworks */,
				1160BB6024E1DEEA00B91DB4 /* Resources */,
			);
			buildRules = (
			);
			dependencies = (
			);
			name = MacPlugin;
			productName = MacPlugin;
			productReference = 1160BB6224E1DEEA00B91DB4 /* MacPlugin.bundle */;
			productType = "com.apple.product-type.bundle";
		};
/* End PBXNativeTarget section */

/* Begin PBXProject section */
		1160BB2924E1CFBC00B91DB4 /* Project object */ = {
			isa = PBXProject;
			attributes = {
				LastSwiftUpdateCheck = 1160;
				LastUpgradeCheck = 1160;
				ORGANIZATIONNAME = Samabox;
				TargetAttributes = {
					1160BB3024E1CFBC00B91DB4 = {
						CreatedOnToolsVersion = 11.6;
					};
					1160BB6124E1DEEA00B91DB4 = {
						CreatedOnToolsVersion = 11.6;
						LastSwiftMigration = 1160;
					};
				};
			};
			buildConfigurationList = 1160BB2C24E1CFBC00B91DB4 /* Build configuration list for PBXProject "Catalyst+AppKit" */;
			compatibilityVersion = "Xcode 9.3";
			developmentRegion = en;
			hasScannedForEncodings = 0;
			knownRegions = (
				en,
				Base,
			);
			mainGroup = 1160BB2824E1CFBC00B91DB4;
			productRefGroup = 1160BB3224E1CFBC00B91DB4 /* Products */;
			projectDirPath = "";
			projectRoot = "";
			targets = (
				1160BB3024E1CFBC00B91DB4 /* Catalyst+AppKit */,
				1160BB6124E1DEEA00B91DB4 /* MacPlugin */,
			);
		};
/* End PBXProject section */

/* Begin PBXResourcesBuildPhase section */
		1160BB2F24E1CFBC00B91DB4 /* Resources */ = {
			isa = PBXResourcesBuildPhase;
			buildActionMask = 2147483647;
			files = (
				1160BB4124E1CFBD00B91DB4 /* LaunchScreen.storyboard in Resources */,
				1160BB3E24E1CFBD00B91DB4 /* Assets.xcassets in Resources */,
				1160BB3C24E1CFBC00B91DB4 /* Main.storyboard in Resources */,
			);
			runOnlyForDeploymentPostprocessing = 0;
		};
		1160BB6024E1DEEA00B91DB4 /* Resources */ = {
			isa = PBXResourcesBuildPhase;
			buildActionMask = 2147483647;
			files = (
			);
			runOnlyForDeploymentPostprocessing = 0;
		};
/* End PBXResourcesBuildPhase section */

/* Begin PBXSourcesBuildPhase section */
		1160BB2D24E1CFBC00B91DB4 /* Sources */ = {
			isa = PBXSourcesBuildPhase;
			buildActionMask = 2147483647;
			files = (
				1160BB3924E1CFBC00B91DB4 /* ViewController.swift in Sources */,
				1160BB3524E1CFBC00B91DB4 /* AppDelegate.swift in Sources */,
				1160BB6D24E1DFFB00B91DB4 /* Plugin.swift in Sources */,
				1160BB3724E1CFBC00B91DB4 /* SceneDelegate.swift in Sources */,
			);
			runOnlyForDeploymentPostprocessing = 0;
		};
		1160BB5E24E1DEEA00B91DB4 /* Sources */ = {
			isa = PBXSourcesBuildPhase;
			buildActionMask = 2147483647;
			files = (
				1160BB7024E1E04400B91DB4 /* MacPlugin.swift in Sources */,
				1160BB6E24E1DFFB00B91DB4 /* Plugin.swift in Sources */,
			);
			runOnlyForDeploymentPostprocessing = 0;
		};
/* End PBXSourcesBuildPhase section */

/* Begin PBXTargetDependency section */
		1160BB6A24E1DF2900B91DB4 /* PBXTargetDependency */ = {
			isa = PBXTargetDependency;
			platformFilter = maccatalyst;
			target = 1160BB6124E1DEEA00B91DB4 /* MacPlugin */;
			targetProxy = 1160BB6924E1DF2900B91DB4 /* PBXContainerItemProxy */;
		};
/* End PBXTargetDependency section */

/* Begin PBXVariantGroup section */
		1160BB3A24E1CFBC00B91DB4 /* Main.storyboard */ = {
			isa = PBXVariantGroup;
			children = (
				1160BB3B24E1CFBC00B91DB4 /* Base */,
			);
			name = Main.storyboard;
			sourceTree = "<group>";
		};
		1160BB3F24E1CFBD00B91DB4 /* LaunchScreen.storyboard */ = {
			isa = PBXVariantGroup;
			children = (
				1160BB4024E1CFBD00B91DB4 /* Base */,
			);
			name = LaunchScreen.storyboard;
			sourceTree = "<group>";
		};
/* End PBXVariantGroup section */

/* Begin XCBuildConfiguration section */
		1160BB4324E1CFBD00B91DB4 /* Debug */ = {
			isa = XCBuildConfiguration;
			buildSettings = {
				ALWAYS_SEARCH_USER_PATHS = NO;
				CLANG_ANALYZER_NONNULL = YES;
				CLANG_ANALYZER_NUMBER_OBJECT_CONVERSION = YES_AGGRESSIVE;
				CLANG_CXX_LANGUAGE_STANDARD = "gnu++14";
				CLANG_CXX_LIBRARY = "libc++";
				CLANG_ENABLE_MODULES = YES;
				CLANG_ENABLE_OBJC_ARC = YES;
				CLANG_ENABLE_OBJC_WEAK = YES;
				CLANG_WARN_BLOCK_CAPTURE_AUTORELEASING = YES;
				CLANG_WARN_BOOL_CONVERSION = YES;
				CLANG_WARN_COMMA = YES;
				CLANG_WARN_CONSTANT_CONVERSION = YES;
				CLANG_WARN_DEPRECATED_OBJC_IMPLEMENTATIONS = YES;
				CLANG_WARN_DIRECT_OBJC_ISA_USAGE = YES_ERROR;
				CLANG_WARN_DOCUMENTATION_COMMENTS = YES;
				CLANG_WARN_EMPTY_BODY = YES;
				CLANG_WARN_ENUM_CONVERSION = YES;
				CLANG_WARN_INFINITE_RECURSION = YES;
				CLANG_WARN_INT_CONVERSION = YES;
				CLANG_WARN_NON_LITERAL_NULL_CONVERSION = YES;
				CLANG_WARN_OBJC_IMPLICIT_RETAIN_SELF = YES;
				CLANG_WARN_OBJC_LITERAL_CONVERSION = YES;
				CLANG_WARN_OBJC_ROOT_CLASS = YES_ERROR;
				CLANG_WARN_RANGE_LOOP_ANALYSIS = YES;
				CLANG_WARN_STRICT_PROTOTYPES = YES;
				CLANG_WARN_SUSPICIOUS_MOVE = YES;
				CLANG_WARN_UNGUARDED_AVAILABILITY = YES_AGGRESSIVE;
				CLANG_WARN_UNREACHABLE_CODE = YES;
				CLANG_WARN__DUPLICATE_METHOD_MATCH = YES;
				COPY_PHASE_STRIP = NO;
				DEBUG_INFORMATION_FORMAT = dwarf;
				ENABLE_STRICT_OBJC_MSGSEND = YES;
				ENABLE_TESTABILITY = YES;
				GCC_C_LANGUAGE_STANDARD = gnu11;
				GCC_DYNAMIC_NO_PIC = NO;
				GCC_NO_COMMON_BLOCKS = YES;
				GCC_OPTIMIZATION_LEVEL = 0;
				GCC_PREPROCESSOR_DEFINITIONS = (
					"DEBUG=1",
					"$(inherited)",
				);
				GCC_WARN_64_TO_32_BIT_CONVERSION = YES;
				GCC_WARN_ABOUT_RETURN_TYPE = YES_ERROR;
				GCC_WARN_UNDECLARED_SELECTOR = YES;
				GCC_WARN_UNINITIALIZED_AUTOS = YES_AGGRESSIVE;
				GCC_WARN_UNUSED_FUNCTION = YES;
				GCC_WARN_UNUSED_VARIABLE = YES;
				IPHONEOS_DEPLOYMENT_TARGET = 13.6;
				MTL_ENABLE_DEBUG_INFO = INCLUDE_SOURCE;
				MTL_FAST_MATH = YES;
				ONLY_ACTIVE_ARCH = YES;
				SDKROOT = iphoneos;
				SWIFT_ACTIVE_COMPILATION_CONDITIONS = DEBUG;
				SWIFT_OPTIMIZATION_LEVEL = "-Onone";
			};
			name = Debug;
		};
		1160BB4424E1CFBD00B91DB4 /* Release */ = {
			isa = XCBuildConfiguration;
			buildSettings = {
				ALWAYS_SEARCH_USER_PATHS = NO;
				CLANG_ANALYZER_NONNULL = YES;
				CLANG_ANALYZER_NUMBER_OBJECT_CONVERSION = YES_AGGRESSIVE;
				CLANG_CXX_LANGUAGE_STANDARD = "gnu++14";
				CLANG_CXX_LIBRARY = "libc++";
				CLANG_ENABLE_MODULES = YES;
				CLANG_ENABLE_OBJC_ARC = YES;
				CLANG_ENABLE_OBJC_WEAK = YES;
				CLANG_WARN_BLOCK_CAPTURE_AUTORELEASING = YES;
				CLANG_WARN_BOOL_CONVERSION = YES;
				CLANG_WARN_COMMA = YES;
				CLANG_WARN_CONSTANT_CONVERSION = YES;
				CLANG_WARN_DEPRECATED_OBJC_IMPLEMENTATIONS = YES;
				CLANG_WARN_DIRECT_OBJC_ISA_USAGE = YES_ERROR;
				CLANG_WARN_DOCUMENTATION_COMMENTS = YES;
				CLANG_WARN_EMPTY_BODY = YES;
				CLANG_WARN_ENUM_CONVERSION = YES;
				CLANG_WARN_INFINITE_RECURSION = YES;
				CLANG_WARN_INT_CONVERSION = YES;
				CLANG_WARN_NON_LITERAL_NULL_CONVERSION = YES;
				CLANG_WARN_OBJC_IMPLICIT_RETAIN_SELF = YES;
				CLANG_WARN_OBJC_LITERAL_CONVERSION = YES;
				CLANG_WARN_OBJC_ROOT_CLASS = YES_ERROR;
				CLANG_WARN_RANGE_LOOP_ANALYSIS = YES;
				CLANG_WARN_STRICT_PROTOTYPES = YES;
				CLANG_WARN_SUSPICIOUS_MOVE = YES;
				CLANG_WARN_UNGUARDED_AVAILABILITY = YES_AGGRESSIVE;
				CLANG_WARN_UNREACHABLE_CODE = YES;
				CLANG_WARN__DUPLICATE_METHOD_MATCH = YES;
				COPY_PHASE_STRIP = NO;
				DEBUG_INFORMATION_FORMAT = "dwarf-with-dsym";
				ENABLE_NS_ASSERTIONS = NO;
				ENABLE_STRICT_OBJC_MSGSEND = YES;
				GCC_C_LANGUAGE_STANDARD = gnu11;
				GCC_NO_COMMON_BLOCKS = YES;
				GCC_WARN_64_TO_32_BIT_CONVERSION = YES;
				GCC_WARN_ABOUT_RETURN_TYPE = YES_ERROR;
				GCC_WARN_UNDECLARED_SELECTOR = YES;
				GCC_WARN_UNINITIALIZED_AUTOS = YES_AGGRESSIVE;
				GCC_WARN_UNUSED_FUNCTION = YES;
				GCC_WARN_UNUSED_VARIABLE = YES;
				IPHONEOS_DEPLOYMENT_TARGET = 13.6;
				MTL_ENABLE_DEBUG_INFO = NO;
				MTL_FAST_MATH = YES;
				SDKROOT = iphoneos;
				SWIFT_COMPILATION_MODE = wholemodule;
				SWIFT_OPTIMIZATION_LEVEL = "-O";
				VALIDATE_PRODUCT = YES;
			};
			name = Release;
		};
		1160BB4624E1CFBD00B91DB4 /* Debug */ = {
			isa = XCBuildConfiguration;
			buildSettings = {
				ALWAYS_EMBED_SWIFT_STANDARD_LIBRARIES = YES;
				ASSETCATALOG_COMPILER_APPICON_NAME = AppIcon;
				CODE_SIGN_ENTITLEMENTS = "Catalyst+AppKit/Catalyst+AppKit.entitlements";
				"CODE_SIGN_IDENTITY[sdk=macosx*]" = "Apple Development";
				CODE_SIGN_STYLE = Automatic;
				DEVELOPMENT_TEAM = "";
				INFOPLIST_FILE = "Catalyst+AppKit/Info.plist";
				LD_RUNPATH_SEARCH_PATHS = (
					"$(inherited)",
					"@executable_path/Frameworks",
				);
				PRODUCT_BUNDLE_IDENTIFIER = "com.samabox.Catalyst-AppKit";
				PRODUCT_NAME = "$(TARGET_NAME)";
				SUPPORTS_MACCATALYST = YES;
				SWIFT_VERSION = 5.0;
				TARGETED_DEVICE_FAMILY = "1,2";
			};
			name = Debug;
		};
		1160BB4724E1CFBD00B91DB4 /* Release */ = {
			isa = XCBuildConfiguration;
			buildSettings = {
				ALWAYS_EMBED_SWIFT_STANDARD_LIBRARIES = YES;
				ASSETCATALOG_COMPILER_APPICON_NAME = AppIcon;
				CODE_SIGN_ENTITLEMENTS = "Catalyst+AppKit/Catalyst+AppKit.entitlements";
				"CODE_SIGN_IDENTITY[sdk=macosx*]" = "Apple Development";
				CODE_SIGN_STYLE = Automatic;
				DEVELOPMENT_TEAM = "";
				INFOPLIST_FILE = "Catalyst+AppKit/Info.plist";
				LD_RUNPATH_SEARCH_PATHS = (
					"$(inherited)",
					"@executable_path/Frameworks",
				);
				PRODUCT_BUNDLE_IDENTIFIER = "com.samabox.Catalyst-AppKit";
				PRODUCT_NAME = "$(TARGET_NAME)";
				SUPPORTS_MACCATALYST = YES;
				SWIFT_VERSION = 5.0;
				TARGETED_DEVICE_FAMILY = "1,2";
			};
			name = Release;
		};
		1160BB6624E1DEEA00B91DB4 /* Debug */ = {
			isa = XCBuildConfiguration;
			buildSettings = {
				CLANG_ENABLE_MODULES = YES;
				CODE_SIGN_IDENTITY = "Apple Development";
				CODE_SIGN_STYLE = Automatic;
				COMBINE_HIDPI_IMAGES = YES;
				DEVELOPMENT_TEAM = "";
				INFOPLIST_FILE = MacPlugin/Info.plist;
				INSTALL_PATH = "$(LOCAL_LIBRARY_DIR)/Bundles";
				LD_RUNPATH_SEARCH_PATHS = (
					"$(inherited)",
					"@executable_path/../Frameworks",
					"@loader_path/../Frameworks",
				);
				MACOSX_DEPLOYMENT_TARGET = 10.15;
				PRODUCT_BUNDLE_IDENTIFIER = com.samabox.MacPlugin;
				PRODUCT_NAME = "$(TARGET_NAME)";
				SDKROOT = macosx;
				SKIP_INSTALL = YES;
				SWIFT_OBJC_BRIDGING_HEADER = "MacPlugin/MacPlugin-Bridging-Header.h";
				SWIFT_OPTIMIZATION_LEVEL = "-Onone";
				SWIFT_VERSION = 5.0;
				WRAPPER_EXTENSION = bundle;
			};
			name = Debug;
		};
		1160BB6724E1DEEA00B91DB4 /* Release */ = {
			isa = XCBuildConfiguration;
			buildSettings = {
				CLANG_ENABLE_MODULES = YES;
				CODE_SIGN_IDENTITY = "Apple Development";
				CODE_SIGN_STYLE = Automatic;
				COMBINE_HIDPI_IMAGES = YES;
				DEVELOPMENT_TEAM = "";
				INFOPLIST_FILE = MacPlugin/Info.plist;
				INSTALL_PATH = "$(LOCAL_LIBRARY_DIR)/Bundles";
				LD_RUNPATH_SEARCH_PATHS = (
					"$(inherited)",
					"@executable_path/../Frameworks",
					"@loader_path/../Frameworks",
				);
				MACOSX_DEPLOYMENT_TARGET = 10.15;
				PRODUCT_BUNDLE_IDENTIFIER = com.samabox.MacPlugin;
				PRODUCT_NAME = "$(TARGET_NAME)";
				SDKROOT = macosx;
				SKIP_INSTALL = YES;
				SWIFT_OBJC_BRIDGING_HEADER = "MacPlugin/MacPlugin-Bridging-Header.h";
				SWIFT_VERSION = 5.0;
				WRAPPER_EXTENSION = bundle;
			};
			name = Release;
		};
/* End XCBuildConfiguration section */

/* Begin XCConfigurationList section */
		1160BB2C24E1CFBC00B91DB4 /* Build configuration list for PBXProject "Catalyst+AppKit" */ = {
			isa = XCConfigurationList;
			buildConfigurations = (
				1160BB4324E1CFBD00B91DB4 /* Debug */,
				1160BB4424E1CFBD00B91DB4 /* Release */,
			);
			defaultConfigurationIsVisible = 0;
			defaultConfigurationName = Release;
		};
		1160BB4524E1CFBD00B91DB4 /* Build configuration list for PBXNativeTarget "Catalyst+AppKit" */ = {
			isa = XCConfigurationList;
			buildConfigurations = (
				1160BB4624E1CFBD00B91DB4 /* Debug */,
				1160BB4724E1CFBD00B91DB4 /* Release */,
			);
			defaultConfigurationIsVisible = 0;
			defaultConfigurationName = Release;
		};
		1160BB6524E1DEEA00B91DB4 /* Build configuration list for PBXNativeTarget "MacPlugin" */ = {
			isa = XCConfigurationList;
			buildConfigurations = (
				1160BB6624E1DEEA00B91DB4 /* Debug */,
				1160BB6724E1DEEA00B91DB4 /* Release */,
			);
			defaultConfigurationIsVisible = 0;
			defaultConfigurationName = Release;
		};
/* End XCConfigurationList section */
	};
	rootObject = 1160BB2924E1CFBC00B91DB4 /* Project object */;
}
